
Microsoft Visual Studio Solution File, Format Version 12.00
# Visual Studio Version 17
VisualStudioVersion = 17.2.32630.192
MinimumVisualStudioVersion = 10.0.40219.1
Project("{FAE04EC0-301F-11D3-BF4B-00C04F79EFBC}") = "OnlineAdmision.WebUI", "OnlineAdmision.WebUI\OnlineAdmision.WebUI.csproj", "{C138A2C9-4F88-4E36-9D1F-83B6D2FE8295}"
EndProject
Project("{FAE04EC0-301F-11D3-BF4B-00C04F79EFBC}") = "OnlineAdmision.Models", "OnlineAdmision.Models\OnlineAdmision.Models.csproj", "{9C4CBB4F-433C-4475-A0E5-022BB02E80E1}"
EndProject
Project("{FAE04EC0-301F-11D3-BF4B-00C04F79EFBC}") = "OnlineAdmision.BusinessService", "OnlineAdmision.BusinessService\OnlineAdmision.BusinessService.csproj", "{5F29DE19-C87B-4811-83FB-F3A6E9E668D6}"
EndProject
Global
	GlobalSection(SolutionConfigurationPlatforms) = preSolution
		Debug|Any CPU = Debug|Any CPU
		Release|Any CPU = Release|Any CPU
	EndGlobalSection
	GlobalSection(ProjectConfigurationPlatforms) = postSolution
		{C138A2C9-4F88-4E36-9D1F-83B6D2FE8295}.Debug|Any CPU.ActiveCfg = Debug|Any CPU
		{C138A2C9-4F88-4E36-9D1F-83B6D2FE8295}.Debug|Any CPU.Build.0 = Debug|Any CPU
		{C138A2C9-4F88-4E36-9D1F-83B6D2FE8295}.Release|Any CPU.ActiveCfg = Release|Any CPU
		{C138A2C9-4F88-4E36-9D1F-83B6D2FE8295}.Release|Any CPU.Build.0 = Release|Any CPU
		{9C4CBB4F-433C-4475-A0E5-022BB02E80E1}.Debug|Any CPU.ActiveCfg = Debug|Any CPU
		{9C4CBB4F-433C-4475-A0E5-022BB02E80E1}.Debug|Any CPU.Build.0 = Debug|Any CPU
		{9C4CBB4F-433C-4475-A0E5-022BB02E80E1}.Release|Any CPU.ActiveCfg = Release|Any CPU
		{9C4CBB4F-433C-4475-A0E5-022BB02E80E1}.Release|Any CPU.Build.0 = Release|Any CPU
		{5F29DE19-C87B-4811-83FB-F3A6E9E668D6}.Debug|Any CPU.ActiveCfg = Debug|Any CPU
		{5F29DE19-C87B-4811-83FB-F3A6E9E668D6}.Debug|Any CPU.Build.0 = Debug|Any CPU
		{5F29DE19-C87B-4811-83FB-F3A6E9E668D6}.Release|Any CPU.ActiveCfg = Release|Any CPU
		{5F29DE19-C87B-4811-83FB-F3A6E9E668D6}.Release|Any CPU.Build.0 = Release|Any CPU
	EndGlobalSection
	GlobalSection(SolutionProperties) = preSolution
		HideSolutionNode = FALSE
	EndGlobalSection
	GlobalSection(ExtensibilityGlobals) = postSolution
		SolutionGuid = {BB5B7219-19A0-4E8E-B6E6-40D8EFBA55C7}
	EndGlobalSection
EndGlobal
